// !$*UTF8*$!
{
	archiveVersion = 1;
	classes = {
	};
	objectVersion = 55;
	objects = {

/* Begin PBXBuildFile section */
		3C3C528322389AFB5F9B4876 /* Appreciation.swift in Sources */ = {isa = PBXBuildFile; fileRef = ADA9C1D8595E99CBCA43172B /* Appreciation.swift */; };
		5DAABCD5CC5E9B2B3E7C1574 /* PoemType.swift in Sources */ = {isa = PBXBuildFile; fileRef = 7CA73F18CB4193CF9DDDC678 /* PoemType.swift */; };
		6123E71D113F53A515C80E58 /* TuistBundle+FunForYou.swift in Sources */ = {isa = PBXBuildFile; fileRef = 3AD66A8D9C4F4DB38B6A4057 /* TuistBundle+FunForYou.swift */; };
		61C889B6606925679DED2E7F /* Poem.swift in Sources */ = {isa = PBXBuildFile; fileRef = B3D85EA6D4330CD6FAD6B463 /* Poem.swift */; };
		69C35ADB52863B8844DA0BF6 /* Assets.xcassets in Resources */ = {isa = PBXBuildFile; fileRef = 576640724D5F6F4F3450A18A /* Assets.xcassets */; };
		954FC5EC9C40E430308ACB77 /* Coordinator.swift in Sources */ = {isa = PBXBuildFile; fileRef = 20AA675EB8A719937DB883E6 /* Coordinator.swift */; };
		9A2FBD8DA228563F1568846C /* TuistAssets+FunForYou.swift in Sources */ = {isa = PBXBuildFile; fileRef = 0A8DD7F378415053E987096E /* TuistAssets+FunForYou.swift */; };
		D2FC8B45C431BD29970158F6 /* TestMainView.swift in Sources */ = {isa = PBXBuildFile; fileRef = DD2B73B8DF997D31AA3976FF /* TestMainView.swift */; };
		D32CEA8A4BCC8057F111FA0E /* ViewModelable.swift in Sources */ = {isa = PBXBuildFile; fileRef = B4C2973EF8A05B160A4AF521 /* ViewModelable.swift */; };
		D3C3ABD9F65CDF09E14CD807 /* TestMainViewModel.swift in Sources */ = {isa = PBXBuildFile; fileRef = 5D9FC364432B3F04876131E8 /* TestMainViewModel.swift */; };
		DCC0A82E7AD59E7C06F31E2A /* FunForYouApp.swift in Sources */ = {isa = PBXBuildFile; fileRef = 1F1F9D5E7739D9F550CA085C /* FunForYouApp.swift */; };
		F044F6C103A3BF2907D3E6B4 /* SwiftDataManager.swift in Sources */ = {isa = PBXBuildFile; fileRef = 06CBEF5909371621D8015457 /* SwiftDataManager.swift */; };
		F4C23AFF3B7DF212AC0D145C /* Preview Assets.xcassets in Resources */ = {isa = PBXBuildFile; fileRef = 6D6E25228CA67D04458EED13 /* Preview Assets.xcassets */; };
		F989AD0182C641744DB7F71D /* Daily.swift in Sources */ = {isa = PBXBuildFile; fileRef = AFA5642994C52E238915577B /* Daily.swift */; };
/* End PBXBuildFile section */

/* Begin PBXContainerItemProxy section */
		C43A4D01335AD5051F72DAF2 /* PBXContainerItemProxy */ = {
			isa = PBXContainerItemProxy;
			containerPortal = 857092021F6C861A2D815760 /* Project object */;
			proxyType = 1;
			remoteGlobalIDString = 8E700937BDB4D2C4E1DEE0EF;
			remoteInfo = FunForYou;
		};
/* End PBXContainerItemProxy section */

/* Begin PBXCopyFilesBuildPhase section */
		2DDEC6ED7F4C00CAFC28F395 /* Embed Frameworks */ = {
			isa = PBXCopyFilesBuildPhase;
			buildActionMask = 2147483647;
			dstPath = "";
			dstSubfolderSpec = 10;
			files = (
			);
			name = "Embed Frameworks";
			runOnlyForDeploymentPostprocessing = 0;
		};
		7CA2E299157F0B4BBEBB55D3 /* Embed Frameworks */ = {
			isa = PBXCopyFilesBuildPhase;
			buildActionMask = 2147483647;
			dstPath = "";
			dstSubfolderSpec = 10;
			files = (
			);
			name = "Embed Frameworks";
			runOnlyForDeploymentPostprocessing = 0;
		};
/* End PBXCopyFilesBuildPhase section */

/* Begin PBXFileReference section */
		05315EECB57CD762CC7634C7 /* FunForYou.app */ = {isa = PBXFileReference; explicitFileType = wrapper.application; includeInIndex = 0; path = FunForYou.app; sourceTree = BUILT_PRODUCTS_DIR; };
		06CBEF5909371621D8015457 /* SwiftDataManager.swift */ = {isa = PBXFileReference; lastKnownFileType = sourcecode.swift; path = SwiftDataManager.swift; sourceTree = "<group>"; };
		0A8DD7F378415053E987096E /* TuistAssets+FunForYou.swift */ = {isa = PBXFileReference; lastKnownFileType = sourcecode.swift; path = "TuistAssets+FunForYou.swift"; sourceTree = "<group>"; };
		1F1F9D5E7739D9F550CA085C /* FunForYouApp.swift */ = {isa = PBXFileReference; lastKnownFileType = sourcecode.swift; path = FunForYouApp.swift; sourceTree = "<group>"; };
		20AA675EB8A719937DB883E6 /* Coordinator.swift */ = {isa = PBXFileReference; lastKnownFileType = sourcecode.swift; path = Coordinator.swift; sourceTree = "<group>"; };
		3AD66A8D9C4F4DB38B6A4057 /* TuistBundle+FunForYou.swift */ = {isa = PBXFileReference; lastKnownFileType = sourcecode.swift; path = "TuistBundle+FunForYou.swift"; sourceTree = "<group>"; };
		3E2BB84BB83E42427A1BFCA7 /* FunForYouTests.xctest */ = {isa = PBXFileReference; explicitFileType = wrapper.cfbundle; includeInIndex = 0; path = FunForYouTests.xctest; sourceTree = BUILT_PRODUCTS_DIR; };
		4CC727DDBBD03B06E7AB184C /* FunForYouTests-Info.plist */ = {isa = PBXFileReference; lastKnownFileType = text.plist; path = "FunForYouTests-Info.plist"; sourceTree = "<group>"; };
		576640724D5F6F4F3450A18A /* Assets.xcassets */ = {isa = PBXFileReference; lastKnownFileType = folder.assetcatalog; path = Assets.xcassets; sourceTree = "<group>"; };
		5D9FC364432B3F04876131E8 /* TestMainViewModel.swift */ = {isa = PBXFileReference; lastKnownFileType = sourcecode.swift; path = TestMainViewModel.swift; sourceTree = "<group>"; };
		6D6E25228CA67D04458EED13 /* Preview Assets.xcassets */ = {isa = PBXFileReference; lastKnownFileType = folder.assetcatalog; path = "Preview Assets.xcassets"; sourceTree = "<group>"; };
		7CA73F18CB4193CF9DDDC678 /* PoemType.swift */ = {isa = PBXFileReference; lastKnownFileType = sourcecode.swift; path = PoemType.swift; sourceTree = "<group>"; };
		ADA9C1D8595E99CBCA43172B /* Appreciation.swift */ = {isa = PBXFileReference; lastKnownFileType = sourcecode.swift; path = Appreciation.swift; sourceTree = "<group>"; };
		AFA5642994C52E238915577B /* Daily.swift */ = {isa = PBXFileReference; lastKnownFileType = sourcecode.swift; path = Daily.swift; sourceTree = "<group>"; };
		B3D85EA6D4330CD6FAD6B463 /* Poem.swift */ = {isa = PBXFileReference; lastKnownFileType = sourcecode.swift; path = Poem.swift; sourceTree = "<group>"; };
		B4C2973EF8A05B160A4AF521 /* ViewModelable.swift */ = {isa = PBXFileReference; lastKnownFileType = sourcecode.swift; path = ViewModelable.swift; sourceTree = "<group>"; };
		DD2B73B8DF997D31AA3976FF /* TestMainView.swift */ = {isa = PBXFileReference; lastKnownFileType = sourcecode.swift; path = TestMainView.swift; sourceTree = "<group>"; };
		E4E88FC83E4341BA93C40022 /* FunForYou-Info.plist */ = {isa = PBXFileReference; lastKnownFileType = text.plist; path = "FunForYou-Info.plist"; sourceTree = "<group>"; };
/* End PBXFileReference section */

/* Begin PBXFrameworksBuildPhase section */
		CDA000C1178F0A437AF8BDC5 /* Frameworks */ = {
			isa = PBXFrameworksBuildPhase;
			buildActionMask = 2147483647;
			files = (
			);
			runOnlyForDeploymentPostprocessing = 0;
		};
		E26054F96F21B38EF881D990 /* Frameworks */ = {
			isa = PBXFrameworksBuildPhase;
			buildActionMask = 2147483647;
			files = (
			);
			runOnlyForDeploymentPostprocessing = 0;
		};
/* End PBXFrameworksBuildPhase section */

/* Begin PBXGroup section */
		069E2137C9B8E301BB145A2E /* Products */ = {
			isa = PBXGroup;
			children = (
				05315EECB57CD762CC7634C7 /* FunForYou.app */,
				3E2BB84BB83E42427A1BFCA7 /* FunForYouTests.xctest */,
			);
			name = Products;
			sourceTree = "<group>";
		};
		07F16D417E44106B1E9BAD20 /* InfoPlists */ = {
			isa = PBXGroup;
			children = (
				E4E88FC83E4341BA93C40022 /* FunForYou-Info.plist */,
				4CC727DDBBD03B06E7AB184C /* FunForYouTests-Info.plist */,
			);
			path = InfoPlists;
			sourceTree = "<group>";
		};
		0BE44211B2A9C492CBFB6DC8 /* DB */ = {
			isa = PBXGroup;
			children = (
				2E3DD1A41FC7C04C3025D449 /* Model */,
				06CBEF5909371621D8015457 /* SwiftDataManager.swift */,
			);
			path = DB;
			sourceTree = "<group>";
		};
		1259D8A79CB09E17F47BC37C /* Preview Content */ = {
			isa = PBXGroup;
			children = (
				6D6E25228CA67D04458EED13 /* Preview Assets.xcassets */,
			);
			path = "Preview Content";
			sourceTree = "<group>";
		};
		15D2950AD8B42D6FC2940CB6 /* Derived */ = {
			isa = PBXGroup;
			children = (
				07F16D417E44106B1E9BAD20 /* InfoPlists */,
				B3183B336A68F30B09300D5F /* Sources */,
			);
			path = Derived;
			sourceTree = "<group>";
		};
		21C6AC06A72285C02C0FF1D1 /* Test */ = {
			isa = PBXGroup;
			children = (
				DD2B73B8DF997D31AA3976FF /* TestMainView.swift */,
				5D9FC364432B3F04876131E8 /* TestMainViewModel.swift */,
			);
			path = Test;
			sourceTree = "<group>";
		};
		2AEBC1030D122BF2A5D0DF1D /* Project */ = {
			isa = PBXGroup;
			children = (
				15D2950AD8B42D6FC2940CB6 /* Derived */,
				7BBA57B0794CCA42CD592959 /* FunForYou */,
			);
			name = Project;
			sourceTree = "<group>";
		};
		2E3DD1A41FC7C04C3025D449 /* Model */ = {
			isa = PBXGroup;
			children = (
				ADA9C1D8595E99CBCA43172B /* Appreciation.swift */,
				AFA5642994C52E238915577B /* Daily.swift */,
				B3D85EA6D4330CD6FAD6B463 /* Poem.swift */,
			);
			path = Model;
			sourceTree = "<group>";
		};
		4754C958D982A7A95389CE81 /* Presentation */ = {
			isa = PBXGroup;
			children = (
				21C6AC06A72285C02C0FF1D1 /* Test */,
				B4C2973EF8A05B160A4AF521 /* ViewModelable.swift */,
			);
			path = Presentation;
			sourceTree = "<group>";
		};
		76E96897E7C9E74A2FB9D09C /* Enum */ = {
			isa = PBXGroup;
			children = (
				7CA73F18CB4193CF9DDDC678 /* PoemType.swift */,
			);
			path = Enum;
			sourceTree = "<group>";
		};
		7B7A592081372EE6C6880EB2 /* App */ = {
			isa = PBXGroup;
			children = (
				20AA675EB8A719937DB883E6 /* Coordinator.swift */,
				1F1F9D5E7739D9F550CA085C /* FunForYouApp.swift */,
			);
			path = App;
			sourceTree = "<group>";
		};
		7BBA57B0794CCA42CD592959 /* FunForYou */ = {
			isa = PBXGroup;
			children = (
				840FFAD4EE33C8A2221A493E /* Resources */,
				83F5ADE860FEB003D8B02D6D /* Sources */,
			);
			path = FunForYou;
			sourceTree = "<group>";
		};
		83F5ADE860FEB003D8B02D6D /* Sources */ = {
			isa = PBXGroup;
			children = (
				7B7A592081372EE6C6880EB2 /* App */,
				0BE44211B2A9C492CBFB6DC8 /* DB */,
				76E96897E7C9E74A2FB9D09C /* Enum */,
				4754C958D982A7A95389CE81 /* Presentation */,
			);
			path = Sources;
			sourceTree = "<group>";
		};
		840FFAD4EE33C8A2221A493E /* Resources */ = {
			isa = PBXGroup;
			children = (
				1259D8A79CB09E17F47BC37C /* Preview Content */,
				576640724D5F6F4F3450A18A /* Assets.xcassets */,
			);
			path = Resources;
			sourceTree = "<group>";
		};
		B3183B336A68F30B09300D5F /* Sources */ = {
			isa = PBXGroup;
			children = (
				0A8DD7F378415053E987096E /* TuistAssets+FunForYou.swift */,
				3AD66A8D9C4F4DB38B6A4057 /* TuistBundle+FunForYou.swift */,
			);
			path = Sources;
			sourceTree = "<group>";
		};
		BE07A8C57E1EEB096BE7A50E = {
			isa = PBXGroup;
			children = (
				2AEBC1030D122BF2A5D0DF1D /* Project */,
				069E2137C9B8E301BB145A2E /* Products */,
			);
			sourceTree = "<group>";
		};
/* End PBXGroup section */

/* Begin PBXNativeTarget section */
		2211E18DEC1DD1CBAD6CB645 /* FunForYouTests */ = {
			isa = PBXNativeTarget;
			buildConfigurationList = 2A85899B57F70E515E434DF5 /* Build configuration list for PBXNativeTarget "FunForYouTests" */;
			buildPhases = (
				69C719546CF7D735937D2959 /* Sources */,
				06F2662F163B115E2F27DC53 /* Resources */,
				CDA000C1178F0A437AF8BDC5 /* Frameworks */,
				2DDEC6ED7F4C00CAFC28F395 /* Embed Frameworks */,
			);
			buildRules = (
			);
			dependencies = (
				92A402E0EDB0A010A73460F5 /* PBXTargetDependency */,
			);
			name = FunForYouTests;
			packageProductDependencies = (
			);
			productName = FunForYouTests;
			productReference = 3E2BB84BB83E42427A1BFCA7 /* FunForYouTests.xctest */;
			productType = "com.apple.product-type.bundle.unit-test";
		};
		8E700937BDB4D2C4E1DEE0EF /* FunForYou */ = {
			isa = PBXNativeTarget;
			buildConfigurationList = EA8AEA2DECCEC8EE70A977D0 /* Build configuration list for PBXNativeTarget "FunForYou" */;
			buildPhases = (
				2B2E5A35CD53E16253FF97EE /* Sources */,
				FE36CC450F4CC536394EACE1 /* Resources */,
				E26054F96F21B38EF881D990 /* Frameworks */,
				7CA2E299157F0B4BBEBB55D3 /* Embed Frameworks */,
			);
			buildRules = (
			);
			dependencies = (
			);
			name = FunForYou;
			packageProductDependencies = (
			);
			productName = FunForYou;
			productReference = 05315EECB57CD762CC7634C7 /* FunForYou.app */;
			productType = "com.apple.product-type.application";
		};
/* End PBXNativeTarget section */

/* Begin PBXProject section */
		857092021F6C861A2D815760 /* Project object */ = {
			isa = PBXProject;
			attributes = {
				BuildIndependentTargetsInParallel = YES;
				TargetAttributes = {
					2211E18DEC1DD1CBAD6CB645 = {
						TestTargetID = 8E700937BDB4D2C4E1DEE0EF;
					};
				};
			};
			buildConfigurationList = AEDE1711BF502074F62F4FFE /* Build configuration list for PBXProject "FunForYou" */;
			compatibilityVersion = "Xcode 14.0";
			developmentRegion = en;
			hasScannedForEncodings = 0;
			knownRegions = (
				Base,
				en,
			);
			mainGroup = BE07A8C57E1EEB096BE7A50E;
			productRefGroup = 069E2137C9B8E301BB145A2E /* Products */;
			projectDirPath = "";
			projectRoot = "";
			targets = (
				8E700937BDB4D2C4E1DEE0EF /* FunForYou */,
				2211E18DEC1DD1CBAD6CB645 /* FunForYouTests */,
			);
		};
/* End PBXProject section */

/* Begin PBXResourcesBuildPhase section */
		06F2662F163B115E2F27DC53 /* Resources */ = {
			isa = PBXResourcesBuildPhase;
			buildActionMask = 2147483647;
			files = (
			);
			runOnlyForDeploymentPostprocessing = 0;
		};
		FE36CC450F4CC536394EACE1 /* Resources */ = {
			isa = PBXResourcesBuildPhase;
			buildActionMask = 2147483647;
			files = (
				69C35ADB52863B8844DA0BF6 /* Assets.xcassets in Resources */,
				F4C23AFF3B7DF212AC0D145C /* Preview Assets.xcassets in Resources */,
			);
			runOnlyForDeploymentPostprocessing = 0;
		};
/* End PBXResourcesBuildPhase section */

/* Begin PBXSourcesBuildPhase section */
		2B2E5A35CD53E16253FF97EE /* Sources */ = {
			isa = PBXSourcesBuildPhase;
			buildActionMask = 2147483647;
			files = (
				9A2FBD8DA228563F1568846C /* TuistAssets+FunForYou.swift in Sources */,
				6123E71D113F53A515C80E58 /* TuistBundle+FunForYou.swift in Sources */,
				954FC5EC9C40E430308ACB77 /* Coordinator.swift in Sources */,
				DCC0A82E7AD59E7C06F31E2A /* FunForYouApp.swift in Sources */,
				3C3C528322389AFB5F9B4876 /* Appreciation.swift in Sources */,
				F989AD0182C641744DB7F71D /* Daily.swift in Sources */,
				61C889B6606925679DED2E7F /* Poem.swift in Sources */,
				F044F6C103A3BF2907D3E6B4 /* SwiftDataManager.swift in Sources */,
				5DAABCD5CC5E9B2B3E7C1574 /* PoemType.swift in Sources */,
				D2FC8B45C431BD29970158F6 /* TestMainView.swift in Sources */,
				D3C3ABD9F65CDF09E14CD807 /* TestMainViewModel.swift in Sources */,
				D32CEA8A4BCC8057F111FA0E /* ViewModelable.swift in Sources */,
			);
			runOnlyForDeploymentPostprocessing = 0;
		};
		69C719546CF7D735937D2959 /* Sources */ = {
			isa = PBXSourcesBuildPhase;
			buildActionMask = 2147483647;
			files = (
			);
			runOnlyForDeploymentPostprocessing = 0;
		};
/* End PBXSourcesBuildPhase section */

/* Begin PBXTargetDependency section */
		92A402E0EDB0A010A73460F5 /* PBXTargetDependency */ = {
			isa = PBXTargetDependency;
			name = FunForYou;
			target = 8E700937BDB4D2C4E1DEE0EF /* FunForYou */;
			targetProxy = C43A4D01335AD5051F72DAF2 /* PBXContainerItemProxy */;
		};
/* End PBXTargetDependency section */

/* Begin XCBuildConfiguration section */
		0D9CEB60EA28822DF8484216 /* Release */ = {
			isa = XCBuildConfiguration;
			buildSettings = {
				ASSETCATALOG_COMPILER_APPICON_NAME = AppIcon;
				CODE_SIGN_IDENTITY = "iPhone Developer";
				ENABLE_PREVIEWS = YES;
				INFOPLIST_FILE = "Derived/InfoPlists/FunForYou-Info.plist";
				LD_RUNPATH_SEARCH_PATHS = (
					"$(inherited)",
					"@executable_path/Frameworks",
				);
				PRODUCT_BUNDLE_IDENTIFIER = ada.FunForYou;
				PRODUCT_NAME = FunForYou;
				SDKROOT = iphoneos;
				SUPPORTS_MACCATALYST = NO;
				SUPPORTS_MAC_DESIGNED_FOR_IPHONE_IPAD = YES;
				SUPPORTS_XR_DESIGNED_FOR_IPHONE_IPAD = NO;
				SWIFT_COMPILATION_MODE = wholemodule;
				SWIFT_OPTIMIZATION_LEVEL = "-Owholemodule";
				SWIFT_VERSION = 5.0;
				TARGETED_DEVICE_FAMILY = "1,2";
			};
			name = Release;
		};
		448DA10B771D2BBB85DCE658 /* Release */ = {
			isa = XCBuildConfiguration;
			buildSettings = {
				ALWAYS_SEARCH_USER_PATHS = NO;
				CLANG_ANALYZER_LOCALIZABILITY_NONLOCALIZED = YES;
				CLANG_ANALYZER_NONNULL = YES;
				CLANG_ANALYZER_NUMBER_OBJECT_CONVERSION = YES_AGGRESSIVE;
				CLANG_CXX_LANGUAGE_STANDARD = "gnu++14";
				CLANG_CXX_LIBRARY = "libc++";
				CLANG_ENABLE_MODULES = YES;
				CLANG_ENABLE_OBJC_ARC = YES;
				CLANG_ENABLE_OBJC_WEAK = YES;
				CLANG_WARN_BLOCK_CAPTURE_AUTORELEASING = YES;
				CLANG_WARN_BOOL_CONVERSION = YES;
				CLANG_WARN_COMMA = YES;
				CLANG_WARN_CONSTANT_CONVERSION = YES;
				CLANG_WARN_DEPRECATED_OBJC_IMPLEMENTATIONS = YES;
				CLANG_WARN_DIRECT_OBJC_ISA_USAGE = YES_ERROR;
				CLANG_WARN_DOCUMENTATION_COMMENTS = YES;
				CLANG_WARN_EMPTY_BODY = YES;
				CLANG_WARN_ENUM_CONVERSION = YES;
				CLANG_WARN_INFINITE_RECURSION = YES;
				CLANG_WARN_INT_CONVERSION = YES;
				CLANG_WARN_NON_LITERAL_NULL_CONVERSION = YES;
				CLANG_WARN_OBJC_IMPLICIT_RETAIN_SELF = YES;
				CLANG_WARN_OBJC_LITERAL_CONVERSION = YES;
				CLANG_WARN_OBJC_ROOT_CLASS = YES_ERROR;
				CLANG_WARN_QUOTED_INCLUDE_IN_FRAMEWORK_HEADER = YES;
				CLANG_WARN_RANGE_LOOP_ANALYSIS = YES;
				CLANG_WARN_STRICT_PROTOTYPES = YES;
				CLANG_WARN_SUSPICIOUS_MOVE = YES;
				CLANG_WARN_UNGUARDED_AVAILABILITY = YES_AGGRESSIVE;
				CLANG_WARN_UNREACHABLE_CODE = YES;
				CLANG_WARN__DUPLICATE_METHOD_MATCH = YES;
				COPY_PHASE_STRIP = NO;
				DEAD_CODE_STRIPPING = YES;
				DEBUG_INFORMATION_FORMAT = "dwarf-with-dsym";
				ENABLE_NS_ASSERTIONS = NO;
				ENABLE_STRICT_OBJC_MSGSEND = YES;
				GCC_C_LANGUAGE_STANDARD = gnu11;
				GCC_NO_COMMON_BLOCKS = YES;
				GCC_WARN_64_TO_32_BIT_CONVERSION = YES;
				GCC_WARN_ABOUT_RETURN_TYPE = YES_ERROR;
				GCC_WARN_UNDECLARED_SELECTOR = YES;
				GCC_WARN_UNINITIALIZED_AUTOS = YES_AGGRESSIVE;
				GCC_WARN_UNUSED_FUNCTION = YES;
				GCC_WARN_UNUSED_VARIABLE = YES;
				MTL_ENABLE_DEBUG_INFO = NO;
				PRODUCT_NAME = "$(TARGET_NAME)";
				VALIDATE_PRODUCT = YES;
			};
			name = Release;
		};
		832E41F8243E65AB9A741432 /* Debug */ = {
			isa = XCBuildConfiguration;
			buildSettings = {
				ALWAYS_SEARCH_USER_PATHS = NO;
				CLANG_ANALYZER_LOCALIZABILITY_NONLOCALIZED = YES;
				CLANG_ANALYZER_NONNULL = YES;
				CLANG_ANALYZER_NUMBER_OBJECT_CONVERSION = YES_AGGRESSIVE;
				CLANG_CXX_LANGUAGE_STANDARD = "gnu++14";
				CLANG_CXX_LIBRARY = "libc++";
				CLANG_ENABLE_MODULES = YES;
				CLANG_ENABLE_OBJC_ARC = YES;
				CLANG_ENABLE_OBJC_WEAK = YES;
				CLANG_WARN_BLOCK_CAPTURE_AUTORELEASING = YES;
				CLANG_WARN_BOOL_CONVERSION = YES;
				CLANG_WARN_COMMA = YES;
				CLANG_WARN_CONSTANT_CONVERSION = YES;
				CLANG_WARN_DEPRECATED_OBJC_IMPLEMENTATIONS = YES;
				CLANG_WARN_DIRECT_OBJC_ISA_USAGE = YES_ERROR;
				CLANG_WARN_DOCUMENTATION_COMMENTS = YES;
				CLANG_WARN_EMPTY_BODY = YES;
				CLANG_WARN_ENUM_CONVERSION = YES;
				CLANG_WARN_INFINITE_RECURSION = YES;
				CLANG_WARN_INT_CONVERSION = YES;
				CLANG_WARN_NON_LITERAL_NULL_CONVERSION = YES;
				CLANG_WARN_OBJC_IMPLICIT_RETAIN_SELF = YES;
				CLANG_WARN_OBJC_LITERAL_CONVERSION = YES;
				CLANG_WARN_OBJC_ROOT_CLASS = YES_ERROR;
				CLANG_WARN_QUOTED_INCLUDE_IN_FRAMEWORK_HEADER = YES;
				CLANG_WARN_RANGE_LOOP_ANALYSIS = YES;
				CLANG_WARN_STRICT_PROTOTYPES = YES;
				CLANG_WARN_SUSPICIOUS_MOVE = YES;
				CLANG_WARN_UNGUARDED_AVAILABILITY = YES_AGGRESSIVE;
				CLANG_WARN_UNREACHABLE_CODE = YES;
				CLANG_WARN__DUPLICATE_METHOD_MATCH = YES;
				COPY_PHASE_STRIP = NO;
				DEAD_CODE_STRIPPING = YES;
				DEBUG_INFORMATION_FORMAT = dwarf;
				ENABLE_STRICT_OBJC_MSGSEND = YES;
				ENABLE_TESTABILITY = YES;
				GCC_C_LANGUAGE_STANDARD = gnu11;
				GCC_DYNAMIC_NO_PIC = NO;
				GCC_NO_COMMON_BLOCKS = YES;
				GCC_OPTIMIZATION_LEVEL = 0;
				GCC_PREPROCESSOR_DEFINITIONS = (
					"DEBUG=1",
					"$(inherited)",
				);
				GCC_WARN_64_TO_32_BIT_CONVERSION = YES;
				GCC_WARN_ABOUT_RETURN_TYPE = YES_ERROR;
				GCC_WARN_UNDECLARED_SELECTOR = YES;
				GCC_WARN_UNINITIALIZED_AUTOS = YES_AGGRESSIVE;
				GCC_WARN_UNUSED_FUNCTION = YES;
				GCC_WARN_UNUSED_VARIABLE = YES;
				MTL_ENABLE_DEBUG_INFO = YES;
				ONLY_ACTIVE_ARCH = YES;
				PRODUCT_NAME = "$(TARGET_NAME)";
			};
			name = Debug;
		};
		B341DFCF4D05E7530A8B697C /* Release */ = {
			isa = XCBuildConfiguration;
			buildSettings = {
				BUNDLE_LOADER = "$(TEST_HOST)";
				CODE_SIGN_IDENTITY = "iPhone Developer";
				INFOPLIST_FILE = "Derived/InfoPlists/FunForYouTests-Info.plist";
				LD_RUNPATH_SEARCH_PATHS = (
					"$(inherited)",
					"@executable_path/Frameworks",
					"@loader_path/Frameworks",
				);
				PRODUCT_BUNDLE_IDENTIFIER = io.tuist.FunForYouTests;
				PRODUCT_NAME = FunForYouTests;
				SDKROOT = iphoneos;
				SUPPORTS_MACCATALYST = NO;
				SUPPORTS_MAC_DESIGNED_FOR_IPHONE_IPAD = YES;
				SUPPORTS_XR_DESIGNED_FOR_IPHONE_IPAD = NO;
				SWIFT_COMPILATION_MODE = wholemodule;
				SWIFT_OPTIMIZATION_LEVEL = "-Owholemodule";
				SWIFT_VERSION = 5.0;
				TARGETED_DEVICE_FAMILY = "1,2";
				TEST_HOST = "$(BUILT_PRODUCTS_DIR)/FunForYou.app/$(BUNDLE_EXECUTABLE_FOLDER_PATH)/FunForYou";
				TEST_TARGET_NAME = FunForYou;
			};
			name = Release;
		};
		B42E0F8605F60A77585894AD /* Debug */ = {
			isa = XCBuildConfiguration;
			buildSettings = {
				ASSETCATALOG_COMPILER_APPICON_NAME = AppIcon;
				CODE_SIGN_IDENTITY = "iPhone Developer";
				ENABLE_PREVIEWS = YES;
				INFOPLIST_FILE = "Derived/InfoPlists/FunForYou-Info.plist";
				LD_RUNPATH_SEARCH_PATHS = (
					"$(inherited)",
					"@executable_path/Frameworks",
				);
				PRODUCT_BUNDLE_IDENTIFIER = ada.FunForYou;
				PRODUCT_NAME = FunForYou;
				SDKROOT = iphoneos;
				SUPPORTS_MACCATALYST = NO;
				SUPPORTS_MAC_DESIGNED_FOR_IPHONE_IPAD = YES;
				SUPPORTS_XR_DESIGNED_FOR_IPHONE_IPAD = NO;
				SWIFT_ACTIVE_COMPILATION_CONDITIONS = (
					"$(inherited)",
					DEBUG,
				);
				SWIFT_COMPILATION_MODE = singlefile;
				SWIFT_OPTIMIZATION_LEVEL = "-Onone";
				SWIFT_VERSION = 5.0;
				TARGETED_DEVICE_FAMILY = "1,2";
			};
			name = Debug;
		};
		FDC9944CECD271EDE6A7E484 /* Debug */ = {
			isa = XCBuildConfiguration;
			buildSettings = {
				BUNDLE_LOADER = "$(TEST_HOST)";
				CODE_SIGN_IDENTITY = "iPhone Developer";
				INFOPLIST_FILE = "Derived/InfoPlists/FunForYouTests-Info.plist";
				LD_RUNPATH_SEARCH_PATHS = (
					"$(inherited)",
					"@executable_path/Frameworks",
					"@loader_path/Frameworks",
				);
				PRODUCT_BUNDLE_IDENTIFIER = io.tuist.FunForYouTests;
				PRODUCT_NAME = FunForYouTests;
				SDKROOT = iphoneos;
				SUPPORTS_MACCATALYST = NO;
				SUPPORTS_MAC_DESIGNED_FOR_IPHONE_IPAD = YES;
				SUPPORTS_XR_DESIGNED_FOR_IPHONE_IPAD = NO;
				SWIFT_ACTIVE_COMPILATION_CONDITIONS = (
					"$(inherited)",
					DEBUG,
				);
				SWIFT_COMPILATION_MODE = singlefile;
				SWIFT_OPTIMIZATION_LEVEL = "-Onone";
				SWIFT_VERSION = 5.0;
				TARGETED_DEVICE_FAMILY = "1,2";
				TEST_HOST = "$(BUILT_PRODUCTS_DIR)/FunForYou.app/$(BUNDLE_EXECUTABLE_FOLDER_PATH)/FunForYou";
				TEST_TARGET_NAME = FunForYou;
			};
			name = Debug;
		};
/* End XCBuildConfiguration section */

/* Begin XCConfigurationList section */
		2A85899B57F70E515E434DF5 /* Build configuration list for PBXNativeTarget "FunForYouTests" */ = {
			isa = XCConfigurationList;
			buildConfigurations = (
				FDC9944CECD271EDE6A7E484 /* Debug */,
				B341DFCF4D05E7530A8B697C /* Release */,
			);
			defaultConfigurationIsVisible = 0;
			defaultConfigurationName = Release;
		};
		AEDE1711BF502074F62F4FFE /* Build configuration list for PBXProject "FunForYou" */ = {
			isa = XCConfigurationList;
			buildConfigurations = (
				832E41F8243E65AB9A741432 /* Debug */,
				448DA10B771D2BBB85DCE658 /* Release */,
			);
			defaultConfigurationIsVisible = 0;
			defaultConfigurationName = Release;
		};
		EA8AEA2DECCEC8EE70A977D0 /* Build configuration list for PBXNativeTarget "FunForYou" */ = {
			isa = XCConfigurationList;
			buildConfigurations = (
				B42E0F8605F60A77585894AD /* Debug */,
				0D9CEB60EA28822DF8484216 /* Release */,
			);
			defaultConfigurationIsVisible = 0;
			defaultConfigurationName = Release;
		};
/* End XCConfigurationList section */
	};
	rootObject = 857092021F6C861A2D815760 /* Project object */;
}
